PODS:
  - NNModule-swift/EventTransfer (1.0.4)

DEPENDENCIES:
  - NNModule-swift/EventTransfer (from `../`)

EXTERNAL SOURCES:
  NNModule-swift:
    :path: "../"

SPEC CHECKSUMS:
  NNModule-swift: 36bce169ee7dae4921205d5e8a00b5be81dc6e4a

PODFILE CHECKSUM: 18d9ce800c78fc238c7fc48df9e5a8d1e060122e

COCOAPODS: 1.11.3
