PODS:
  - NNModule-swift/EventTransfer (1.0.2)

DEPENDENCIES:
  - NNModule-swift/EventTransfer (from `../`)

EXTERNAL SOURCES:
  NNModule-swift:
    :path: "../"

SPEC CHECKSUMS:
  NNModule-swift: 28c7ee6f2983f457a69dbb91106323acb0cfa1bb

PODFILE CHECKSUM: 18d9ce800c78fc238c7fc48df9e5a8d1e060122e

COCOAPODS: 1.11.3
