// !$*UTF8*$!
{
	archiveVersion = 1;
	classes = {
	};
	objectVersion = 50;
	objects = {

/* Begin PBXBuildFile section */
		216FC5C76F7D97AAEA45BE67 /* Pods_Example_EventTransferTests.framework in Frameworks */ = {isa = PBXBuildFile; fileRef = FEE1AD3E3C41277A8B57770C /* Pods_Example_EventTransferTests.framework */; };
		9EFF98CA483675336442CDB2 /* Pods_Example_EventTransfer.framework in Frameworks */ = {isa = PBXBuildFile; fileRef = 2DFDDBF605D6303F16241219 /* Pods_Example_EventTransfer.framework */; };
		AEE7B8A026CA913A004AFE9F /* AppDelegate.swift in Sources */ = {isa = PBXBuildFile; fileRef = AEE7B89F26CA913A004AFE9F /* AppDelegate.swift */; };
		AEE7B8A426CA913A004AFE9F /* ViewController.swift in Sources */ = {isa = PBXBuildFile; fileRef = AEE7B8A326CA913A004AFE9F /* ViewController.swift */; };
		AEE7B8A726CA913A004AFE9F /* Main.storyboard in Resources */ = {isa = PBXBuildFile; fileRef = AEE7B8A526CA913A004AFE9F /* Main.storyboard */; };
		AEE7B8A926CA913C004AFE9F /* Assets.xcassets in Resources */ = {isa = PBXBuildFile; fileRef = AEE7B8A826CA913C004AFE9F /* Assets.xcassets */; };
		AEE7B8AC26CA913C004AFE9F /* LaunchScreen.storyboard in Resources */ = {isa = PBXBuildFile; fileRef = AEE7B8AA26CA913C004AFE9F /* LaunchScreen.storyboard */; };
		AEE7B8B726CA913D004AFE9F /* Example_EventTransferTests.swift in Sources */ = {isa = PBXBuildFile; fileRef = AEE7B8B626CA913D004AFE9F /* Example_EventTransferTests.swift */; };
		AEE7B8C226CA913D004AFE9F /* Example_EventTransferUITests.swift in Sources */ = {isa = PBXBuildFile; fileRef = AEE7B8C126CA913D004AFE9F /* Example_EventTransferUITests.swift */; };
/* End PBXBuildFile section */

/* Begin PBXContainerItemProxy section */
		AEE7B8B326CA913D004AFE9F /* PBXContainerItemProxy */ = {
			isa = PBXContainerItemProxy;
			containerPortal = AEE7B89426CA913A004AFE9F /* Project object */;
			proxyType = 1;
			remoteGlobalIDString = AEE7B89B26CA913A004AFE9F;
			remoteInfo = Example_EventTransfer;
		};
		AEE7B8BE26CA913D004AFE9F /* PBXContainerItemProxy */ = {
			isa = PBXContainerItemProxy;
			containerPortal = AEE7B89426CA913A004AFE9F /* Project object */;
			proxyType = 1;
			remoteGlobalIDString = AEE7B89B26CA913A004AFE9F;
			remoteInfo = Example_EventTransfer;
		};
/* End PBXContainerItemProxy section */

/* Begin PBXFileReference section */
		140C2227D293660E216B3C65 /* Pods-Example_EventTransfer.release.xcconfig */ = {isa = PBXFileReference; includeInIndex = 1; lastKnownFileType = text.xcconfig; name = "Pods-Example_EventTransfer.release.xcconfig"; path = "Target Support Files/Pods-Example_EventTransfer/Pods-Example_EventTransfer.release.xcconfig"; sourceTree = "<group>"; };
		2DFDDBF605D6303F16241219 /* Pods_Example_EventTransfer.framework */ = {isa = PBXFileReference; explicitFileType = wrapper.framework; includeInIndex = 0; path = Pods_Example_EventTransfer.framework; sourceTree = BUILT_PRODUCTS_DIR; };
		34EA48F43EE6A589E0177673 /* Pods-Example_EventTransferTests.release.xcconfig */ = {isa = PBXFileReference; includeInIndex = 1; lastKnownFileType = text.xcconfig; name = "Pods-Example_EventTransferTests.release.xcconfig"; path = "Target Support Files/Pods-Example_EventTransferTests/Pods-Example_EventTransferTests.release.xcconfig"; sourceTree = "<group>"; };
		87CE5A566E543BF2C8A8682D /* Pods-Example_EventTransfer.debug.xcconfig */ = {isa = PBXFileReference; includeInIndex = 1; lastKnownFileType = text.xcconfig; name = "Pods-Example_EventTransfer.debug.xcconfig"; path = "Target Support Files/Pods-Example_EventTransfer/Pods-Example_EventTransfer.debug.xcconfig"; sourceTree = "<group>"; };
		AEE7B89C26CA913A004AFE9F /* Example_EventTransfer.app */ = {isa = PBXFileReference; explicitFileType = wrapper.application; includeInIndex = 0; path = Example_EventTransfer.app; sourceTree = BUILT_PRODUCTS_DIR; };
		AEE7B89F26CA913A004AFE9F /* AppDelegate.swift */ = {isa = PBXFileReference; lastKnownFileType = sourcecode.swift; path = AppDelegate.swift; sourceTree = "<group>"; };
		AEE7B8A326CA913A004AFE9F /* ViewController.swift */ = {isa = PBXFileReference; lastKnownFileType = sourcecode.swift; path = ViewController.swift; sourceTree = "<group>"; };
		AEE7B8A626CA913A004AFE9F /* Base */ = {isa = PBXFileReference; lastKnownFileType = file.storyboard; name = Base; path = Base.lproj/Main.storyboard; sourceTree = "<group>"; };
		AEE7B8A826CA913C004AFE9F /* Assets.xcassets */ = {isa = PBXFileReference; lastKnownFileType = folder.assetcatalog; path = Assets.xcassets; sourceTree = "<group>"; };
		AEE7B8AB26CA913C004AFE9F /* Base */ = {isa = PBXFileReference; lastKnownFileType = file.storyboard; name = Base; path = Base.lproj/LaunchScreen.storyboard; sourceTree = "<group>"; };
		AEE7B8AD26CA913C004AFE9F /* Info.plist */ = {isa = PBXFileReference; lastKnownFileType = text.plist.xml; path = Info.plist; sourceTree = "<group>"; };
		AEE7B8B226CA913D004AFE9F /* Example_EventTransferTests.xctest */ = {isa = PBXFileReference; explicitFileType = wrapper.cfbundle; includeInIndex = 0; path = Example_EventTransferTests.xctest; sourceTree = BUILT_PRODUCTS_DIR; };
		AEE7B8B626CA913D004AFE9F /* Example_EventTransferTests.swift */ = {isa = PBXFileReference; lastKnownFileType = sourcecode.swift; path = Example_EventTransferTests.swift; sourceTree = "<group>"; };
		AEE7B8B826CA913D004AFE9F /* Info.plist */ = {isa = PBXFileReference; lastKnownFileType = text.plist.xml; path = Info.plist; sourceTree = "<group>"; };
		AEE7B8BD26CA913D004AFE9F /* Example_EventTransferUITests.xctest */ = {isa = PBXFileReference; explicitFileType = wrapper.cfbundle; includeInIndex = 0; path = Example_EventTransferUITests.xctest; sourceTree = BUILT_PRODUCTS_DIR; };
		AEE7B8C126CA913D004AFE9F /* Example_EventTransferUITests.swift */ = {isa = PBXFileReference; lastKnownFileType = sourcecode.swift; path = Example_EventTransferUITests.swift; sourceTree = "<group>"; };
		AEE7B8C326CA913D004AFE9F /* Info.plist */ = {isa = PBXFileReference; lastKnownFileType = text.plist.xml; path = Info.plist; sourceTree = "<group>"; };
		FCF98DE47B68D0F7002BE621 /* Pods-Example_EventTransferTests.debug.xcconfig */ = {isa = PBXFileReference; includeInIndex = 1; lastKnownFileType = text.xcconfig; name = "Pods-Example_EventTransferTests.debug.xcconfig"; path = "Target Support Files/Pods-Example_EventTransferTests/Pods-Example_EventTransferTests.debug.xcconfig"; sourceTree = "<group>"; };
		FEE1AD3E3C41277A8B57770C /* Pods_Example_EventTransferTests.framework */ = {isa = PBXFileReference; explicitFileType = wrapper.framework; includeInIndex = 0; path = Pods_Example_EventTransferTests.framework; sourceTree = BUILT_PRODUCTS_DIR; };
/* End PBXFileReference section */

/* Begin PBXFrameworksBuildPhase section */
		AEE7B89926CA913A004AFE9F /* Frameworks */ = {
			isa = PBXFrameworksBuildPhase;
			buildActionMask = 2147483647;
			files = (
				9EFF98CA483675336442CDB2 /* Pods_Example_EventTransfer.framework in Frameworks */,
			);
			runOnlyForDeploymentPostprocessing = 0;
		};
		AEE7B8AF26CA913D004AFE9F /* Frameworks */ = {
			isa = PBXFrameworksBuildPhase;
			buildActionMask = 2147483647;
			files = (
				216FC5C76F7D97AAEA45BE67 /* Pods_Example_EventTransferTests.framework in Frameworks */,
			);
			runOnlyForDeploymentPostprocessing = 0;
		};
		AEE7B8BA26CA913D004AFE9F /* Frameworks */ = {
			isa = PBXFrameworksBuildPhase;
			buildActionMask = 2147483647;
			files = (
			);
			runOnlyForDeploymentPostprocessing = 0;
		};
/* End PBXFrameworksBuildPhase section */

/* Begin PBXGroup section */
		53CC02E3AA653E2D03E7A473 /* Frameworks */ = {
			isa = PBXGroup;
			children = (
				2DFDDBF605D6303F16241219 /* Pods_Example_EventTransfer.framework */,
				FEE1AD3E3C41277A8B57770C /* Pods_Example_EventTransferTests.framework */,
			);
			name = Frameworks;
			sourceTree = "<group>";
		};
		AEE7B89326CA913A004AFE9F = {
			isa = PBXGroup;
			children = (
				AEE7B89E26CA913A004AFE9F /* Example_EventTransfer */,
				AEE7B8B526CA913D004AFE9F /* Example_EventTransferTests */,
				AEE7B8C026CA913D004AFE9F /* Example_EventTransferUITests */,
				AEE7B89D26CA913A004AFE9F /* Products */,
				F31AFFA507192D37A3DA7D32 /* Pods */,
				53CC02E3AA653E2D03E7A473 /* Frameworks */,
			);
			sourceTree = "<group>";
		};
		AEE7B89D26CA913A004AFE9F /* Products */ = {
			isa = PBXGroup;
			children = (
				AEE7B89C26CA913A004AFE9F /* Example_EventTransfer.app */,
				AEE7B8B226CA913D004AFE9F /* Example_EventTransferTests.xctest */,
				AEE7B8BD26CA913D004AFE9F /* Example_EventTransferUITests.xctest */,
			);
			name = Products;
			sourceTree = "<group>";
		};
		AEE7B89E26CA913A004AFE9F /* Example_EventTransfer */ = {
			isa = PBXGroup;
			children = (
				AEE7B89F26CA913A004AFE9F /* AppDelegate.swift */,
				AEE7B8A326CA913A004AFE9F /* ViewController.swift */,
				AEE7B8A526CA913A004AFE9F /* Main.storyboard */,
				AEE7B8A826CA913C004AFE9F /* Assets.xcassets */,
				AEE7B8AA26CA913C004AFE9F /* LaunchScreen.storyboard */,
				AEE7B8AD26CA913C004AFE9F /* Info.plist */,
			);
			path = Example_EventTransfer;
			sourceTree = "<group>";
		};
		AEE7B8B526CA913D004AFE9F /* Example_EventTransferTests */ = {
			isa = PBXGroup;
			children = (
				AEE7B8B626CA913D004AFE9F /* Example_EventTransferTests.swift */,
				AEE7B8B826CA913D004AFE9F /* Info.plist */,
			);
			path = Example_EventTransferTests;
			sourceTree = "<group>";
		};
		AEE7B8C026CA913D004AFE9F /* Example_EventTransferUITests */ = {
			isa = PBXGroup;
			children = (
				AEE7B8C126CA913D004AFE9F /* Example_EventTransferUITests.swift */,
				AEE7B8C326CA913D004AFE9F /* Info.plist */,
			);
			path = Example_EventTransferUITests;
			sourceTree = "<group>";
		};
		F31AFFA507192D37A3DA7D32 /* Pods */ = {
			isa = PBXGroup;
			children = (
				87CE5A566E543BF2C8A8682D /* Pods-Example_EventTransfer.debug.xcconfig */,
				140C2227D293660E216B3C65 /* Pods-Example_EventTransfer.release.xcconfig */,
				FCF98DE47B68D0F7002BE621 /* Pods-Example_EventTransferTests.debug.xcconfig */,
				34EA48F43EE6A589E0177673 /* Pods-Example_EventTransferTests.release.xcconfig */,
			);
			name = Pods;
			path = Pods;
			sourceTree = "<group>";
		};
/* End PBXGroup section */

/* Begin PBXNativeTarget section */
		AEE7B89B26CA913A004AFE9F /* Example_EventTransfer */ = {
			isa = PBXNativeTarget;
			buildConfigurationList = AEE7B8C626CA913D004AFE9F /* Build configuration list for PBXNativeTarget "Example_EventTransfer" */;
			buildPhases = (
				5D3F127E1ADC4F4E1AD0322C /* [CP] Check Pods Manifest.lock */,
				AEE7B89826CA913A004AFE9F /* Sources */,
				AEE7B89926CA913A004AFE9F /* Frameworks */,
				AEE7B89A26CA913A004AFE9F /* Resources */,
				2AC7DC84D371B91AB86D7DB0 /* [CP] Embed Pods Frameworks */,
			);
			buildRules = (
			);
			dependencies = (
			);
			name = Example_EventTransfer;
			productName = Example_EventTransfer;
			productReference = AEE7B89C26CA913A004AFE9F /* Example_EventTransfer.app */;
			productType = "com.apple.product-type.application";
		};
		AEE7B8B126CA913D004AFE9F /* Example_EventTransferTests */ = {
			isa = PBXNativeTarget;
			buildConfigurationList = AEE7B8C926CA913D004AFE9F /* Build configuration list for PBXNativeTarget "Example_EventTransferTests" */;
			buildPhases = (
				017C34D8BF83DAED30DABD0B /* [CP] Check Pods Manifest.lock */,
				AEE7B8AE26CA913D004AFE9F /* Sources */,
				AEE7B8AF26CA913D004AFE9F /* Frameworks */,
				AEE7B8B026CA913D004AFE9F /* Resources */,
				ECBC07ADB8D4C9E8719259B3 /* [CP] Embed Pods Frameworks */,
			);
			buildRules = (
			);
			dependencies = (
				AEE7B8B426CA913D004AFE9F /* PBXTargetDependency */,
			);
			name = Example_EventTransferTests;
			productName = Example_EventTransferTests;
			productReference = AEE7B8B226CA913D004AFE9F /* Example_EventTransferTests.xctest */;
			productType = "com.apple.product-type.bundle.unit-test";
		};
		AEE7B8BC26CA913D004AFE9F /* Example_EventTransferUITests */ = {
			isa = PBXNativeTarget;
			buildConfigurationList = AEE7B8CC26CA913D004AFE9F /* Build configuration list for PBXNativeTarget "Example_EventTransferUITests" */;
			buildPhases = (
				AEE7B8B926CA913D004AFE9F /* Sources */,
				AEE7B8BA26CA913D004AFE9F /* Frameworks */,
				AEE7B8BB26CA913D004AFE9F /* Resources */,
			);
			buildRules = (
			);
			dependencies = (
				AEE7B8BF26CA913D004AFE9F /* PBXTargetDependency */,
			);
			name = Example_EventTransferUITests;
			productName = Example_EventTransferUITests;
			productReference = AEE7B8BD26CA913D004AFE9F /* Example_EventTransferUITests.xctest */;
			productType = "com.apple.product-type.bundle.ui-testing";
		};
/* End PBXNativeTarget section */

/* Begin PBXProject section */
		AEE7B89426CA913A004AFE9F /* Project object */ = {
			isa = PBXProject;
			attributes = {
				LastSwiftUpdateCheck = 1250;
				LastUpgradeCheck = 1250;
				TargetAttributes = {
					AEE7B89B26CA913A004AFE9F = {
						CreatedOnToolsVersion = 12.5.1;
					};
					AEE7B8B126CA913D004AFE9F = {
						CreatedOnToolsVersion = 12.5.1;
						TestTargetID = AEE7B89B26CA913A004AFE9F;
					};
					AEE7B8BC26CA913D004AFE9F = {
						CreatedOnToolsVersion = 12.5.1;
						TestTargetID = AEE7B89B26CA913A004AFE9F;
					};
				};
			};
			buildConfigurationList = AEE7B89726CA913A004AFE9F /* Build configuration list for PBXProject "Example_EventTransfer" */;
			compatibilityVersion = "Xcode 9.3";
			developmentRegion = en;
			hasScannedForEncodings = 0;
			knownRegions = (
				en,
				Base,
			);
			mainGroup = AEE7B89326CA913A004AFE9F;
			productRefGroup = AEE7B89D26CA913A004AFE9F /* Products */;
			projectDirPath = "";
			projectRoot = "";
			targets = (
				AEE7B89B26CA913A004AFE9F /* Example_EventTransfer */,
				AEE7B8B126CA913D004AFE9F /* Example_EventTransferTests */,
				AEE7B8BC26CA913D004AFE9F /* Example_EventTransferUITests */,
			);
		};
/* End PBXProject section */

/* Begin PBXResourcesBuildPhase section */
		AEE7B89A26CA913A004AFE9F /* Resources */ = {
			isa = PBXResourcesBuildPhase;
			buildActionMask = 2147483647;
			files = (
				AEE7B8AC26CA913C004AFE9F /* LaunchScreen.storyboard in Resources */,
				AEE7B8A926CA913C004AFE9F /* Assets.xcassets in Resources */,
				AEE7B8A726CA913A004AFE9F /* Main.storyboard in Resources */,
			);
			runOnlyForDeploymentPostprocessing = 0;
		};
		AEE7B8B026CA913D004AFE9F /* Resources */ = {
			isa = PBXResourcesBuildPhase;
			buildActionMask = 2147483647;
			files = (
			);
			runOnlyForDeploymentPostprocessing = 0;
		};
		AEE7B8BB26CA913D004AFE9F /* Resources */ = {
			isa = PBXResourcesBuildPhase;
			buildActionMask = 2147483647;
			files = (
			);
			runOnlyForDeploymentPostprocessing = 0;
		};
/* End PBXResourcesBuildPhase section */

/* Begin PBXShellScriptBuildPhase section */
		017C34D8BF83DAED30DABD0B /* [CP] Check Pods Manifest.lock */ = {
			isa = PBXShellScriptBuildPhase;
			buildActionMask = 2147483647;
			files = (
			);
			inputFileListPaths = (
			);
			inputPaths = (
				"${PODS_PODFILE_DIR_PATH}/Podfile.lock",
				"${PODS_ROOT}/Manifest.lock",
			);
			name = "[CP] Check Pods Manifest.lock";
			outputFileListPaths = (
			);
			outputPaths = (
				"$(DERIVED_FILE_DIR)/Pods-Example_EventTransferTests-checkManifestLockResult.txt",
			);
			runOnlyForDeploymentPostprocessing = 0;
			shellPath = /bin/sh;
			shellScript = "diff \"${PODS_PODFILE_DIR_PATH}/Podfile.lock\" \"${PODS_ROOT}/Manifest.lock\" > /dev/null\nif [ $? != 0 ] ; then\n    # print error to STDERR\n    echo \"error: The sandbox is not in sync with the Podfile.lock. Run 'pod install' or update your CocoaPods installation.\" >&2\n    exit 1\nfi\n# This output is used by Xcode 'outputs' to avoid re-running this script phase.\necho \"SUCCESS\" > \"${SCRIPT_OUTPUT_FILE_0}\"\n";
			showEnvVarsInLog = 0;
		};
		2AC7DC84D371B91AB86D7DB0 /* [CP] Embed Pods Frameworks */ = {
			isa = PBXShellScriptBuildPhase;
			buildActionMask = 2147483647;
			files = (
			);
			inputFileListPaths = (
				"${PODS_ROOT}/Target Support Files/Pods-Example_EventTransfer/Pods-Example_EventTransfer-frameworks-${CONFIGURATION}-input-files.xcfilelist",
			);
			name = "[CP] Embed Pods Frameworks";
			outputFileListPaths = (
				"${PODS_ROOT}/Target Support Files/Pods-Example_EventTransfer/Pods-Example_EventTransfer-frameworks-${CONFIGURATION}-output-files.xcfilelist",
			);
			runOnlyForDeploymentPostprocessing = 0;
			shellPath = /bin/sh;
			shellScript = "\"${PODS_ROOT}/Target Support Files/Pods-Example_EventTransfer/Pods-Example_EventTransfer-frameworks.sh\"\n";
			showEnvVarsInLog = 0;
		};
		5D3F127E1ADC4F4E1AD0322C /* [CP] Check Pods Manifest.lock */ = {
			isa = PBXShellScriptBuildPhase;
			buildActionMask = 2147483647;
			files = (
			);
			inputFileListPaths = (
			);
			inputPaths = (
				"${PODS_PODFILE_DIR_PATH}/Podfile.lock",
				"${PODS_ROOT}/Manifest.lock",
			);
			name = "[CP] Check Pods Manifest.lock";
			outputFileListPaths = (
			);
			outputPaths = (
				"$(DERIVED_FILE_DIR)/Pods-Example_EventTransfer-checkManifestLockResult.txt",
			);
			runOnlyForDeploymentPostprocessing = 0;
			shellPath = /bin/sh;
			shellScript = "diff \"${PODS_PODFILE_DIR_PATH}/Podfile.lock\" \"${PODS_ROOT}/Manifest.lock\" > /dev/null\nif [ $? != 0 ] ; then\n    # print error to STDERR\n    echo \"error: The sandbox is not in sync with the Podfile.lock. Run 'pod install' or update your CocoaPods installation.\" >&2\n    exit 1\nfi\n# This output is used by Xcode 'outputs' to avoid re-running this script phase.\necho \"SUCCESS\" > \"${SCRIPT_OUTPUT_FILE_0}\"\n";
			showEnvVarsInLog = 0;
		};
		ECBC07ADB8D4C9E8719259B3 /* [CP] Embed Pods Frameworks */ = {
			isa = PBXShellScriptBuildPhase;
			buildActionMask = 2147483647;
			files = (
			);
			inputFileListPaths = (
				"${PODS_ROOT}/Target Support Files/Pods-Example_EventTransferTests/Pods-Example_EventTransferTests-frameworks-${CONFIGURATION}-input-files.xcfilelist",
			);
			name = "[CP] Embed Pods Frameworks";
			outputFileListPaths = (
				"${PODS_ROOT}/Target Support Files/Pods-Example_EventTransferTests/Pods-Example_EventTransferTests-frameworks-${CONFIGURATION}-output-files.xcfilelist",
			);
			runOnlyForDeploymentPostprocessing = 0;
			shellPath = /bin/sh;
			shellScript = "\"${PODS_ROOT}/Target Support Files/Pods-Example_EventTransferTests/Pods-Example_EventTransferTests-frameworks.sh\"\n";
			showEnvVarsInLog = 0;
		};
/* End PBXShellScriptBuildPhase section */

/* Begin PBXSourcesBuildPhase section */
		AEE7B89826CA913A004AFE9F /* Sources */ = {
			isa = PBXSourcesBuildPhase;
			buildActionMask = 2147483647;
			files = (
				AEE7B8A426CA913A004AFE9F /* ViewController.swift in Sources */,
				AEE7B8A026CA913A004AFE9F /* AppDelegate.swift in Sources */,
			);
			runOnlyForDeploymentPostprocessing = 0;
		};
		AEE7B8AE26CA913D004AFE9F /* Sources */ = {
			isa = PBXSourcesBuildPhase;
			buildActionMask = 2147483647;
			files = (
				AEE7B8B726CA913D004AFE9F /* Example_EventTransferTests.swift in Sources */,
			);
			runOnlyForDeploymentPostprocessing = 0;
		};
		AEE7B8B926CA913D004AFE9F /* Sources */ = {
			isa = PBXSourcesBuildPhase;
			buildActionMask = 2147483647;
			files = (
				AEE7B8C226CA913D004AFE9F /* Example_EventTransferUITests.swift in Sources */,
			);
			runOnlyForDeploymentPostprocessing = 0;
		};
/* End PBXSourcesBuildPhase section */

/* Begin PBXTargetDependency section */
		AEE7B8B426CA913D004AFE9F /* PBXTargetDependency */ = {
			isa = PBXTargetDependency;
			target = AEE7B89B26CA913A004AFE9F /* Example_EventTransfer */;
			targetProxy = AEE7B8B326CA913D004AFE9F /* PBXContainerItemProxy */;
		};
		AEE7B8BF26CA913D004AFE9F /* PBXTargetDependency */ = {
			isa = PBXTargetDependency;
			target = AEE7B89B26CA913A004AFE9F /* Example_EventTransfer */;
			targetProxy = AEE7B8BE26CA913D004AFE9F /* PBXContainerItemProxy */;
		};
/* End PBXTargetDependency section */

/* Begin PBXVariantGroup section */
		AEE7B8A526CA913A004AFE9F /* Main.storyboard */ = {
			isa = PBXVariantGroup;
			children = (
				AEE7B8A626CA913A004AFE9F /* Base */,
			);
			name = Main.storyboard;
			sourceTree = "<group>";
		};
		AEE7B8AA26CA913C004AFE9F /* LaunchScreen.storyboard */ = {
			isa = PBXVariantGroup;
			children = (
				AEE7B8AB26CA913C004AFE9F /* Base */,
			);
			name = LaunchScreen.storyboard;
			sourceTree = "<group>";
		};
/* End PBXVariantGroup section */

/* Begin XCBuildConfiguration section */
		AEE7B8C426CA913D004AFE9F /* Debug */ = {
			isa = XCBuildConfiguration;
			buildSettings = {
				ALWAYS_SEARCH_USER_PATHS = NO;
				CLANG_ANALYZER_NONNULL = YES;
				CLANG_ANALYZER_NUMBER_OBJECT_CONVERSION = YES_AGGRESSIVE;
				CLANG_CXX_LANGUAGE_STANDARD = "gnu++14";
				CLANG_CXX_LIBRARY = "libc++";
				CLANG_ENABLE_MODULES = YES;
				CLANG_ENABLE_OBJC_ARC = YES;
				CLANG_ENABLE_OBJC_WEAK = YES;
				CLANG_WARN_BLOCK_CAPTURE_AUTORELEASING = YES;
				CLANG_WARN_BOOL_CONVERSION = YES;
				CLANG_WARN_COMMA = YES;
				CLANG_WARN_CONSTANT_CONVERSION = YES;
				CLANG_WARN_DEPRECATED_OBJC_IMPLEMENTATIONS = YES;
				CLANG_WARN_DIRECT_OBJC_ISA_USAGE = YES_ERROR;
				CLANG_WARN_DOCUMENTATION_COMMENTS = YES;
				CLANG_WARN_EMPTY_BODY = YES;
				CLANG_WARN_ENUM_CONVERSION = YES;
				CLANG_WARN_INFINITE_RECURSION = YES;
				CLANG_WARN_INT_CONVERSION = YES;
				CLANG_WARN_NON_LITERAL_NULL_CONVERSION = YES;
				CLANG_WARN_OBJC_IMPLICIT_RETAIN_SELF = YES;
				CLANG_WARN_OBJC_LITERAL_CONVERSION = YES;
				CLANG_WARN_OBJC_ROOT_CLASS = YES_ERROR;
				CLANG_WARN_QUOTED_INCLUDE_IN_FRAMEWORK_HEADER = YES;
				CLANG_WARN_RANGE_LOOP_ANALYSIS = YES;
				CLANG_WARN_STRICT_PROTOTYPES = YES;
				CLANG_WARN_SUSPICIOUS_MOVE = YES;
				CLANG_WARN_UNGUARDED_AVAILABILITY = YES_AGGRESSIVE;
				CLANG_WARN_UNREACHABLE_CODE = YES;
				CLANG_WARN__DUPLICATE_METHOD_MATCH = YES;
				COPY_PHASE_STRIP = NO;
				DEBUG_INFORMATION_FORMAT = dwarf;
				ENABLE_STRICT_OBJC_MSGSEND = YES;
				ENABLE_TESTABILITY = YES;
				GCC_C_LANGUAGE_STANDARD = gnu11;
				GCC_DYNAMIC_NO_PIC = NO;
				GCC_NO_COMMON_BLOCKS = YES;
				GCC_OPTIMIZATION_LEVEL = 0;
				GCC_PREPROCESSOR_DEFINITIONS = (
					"DEBUG=1",
					"$(inherited)",
				);
				GCC_WARN_64_TO_32_BIT_CONVERSION = YES;
				GCC_WARN_ABOUT_RETURN_TYPE = YES_ERROR;
				GCC_WARN_UNDECLARED_SELECTOR = YES;
				GCC_WARN_UNINITIALIZED_AUTOS = YES_AGGRESSIVE;
				GCC_WARN_UNUSED_FUNCTION = YES;
				GCC_WARN_UNUSED_VARIABLE = YES;
				IPHONEOS_DEPLOYMENT_TARGET = 14.5;
				MTL_ENABLE_DEBUG_INFO = INCLUDE_SOURCE;
				MTL_FAST_MATH = YES;
				ONLY_ACTIVE_ARCH = YES;
				SDKROOT = iphoneos;
				SWIFT_ACTIVE_COMPILATION_CONDITIONS = DEBUG;
				SWIFT_OPTIMIZATION_LEVEL = "-Onone";
			};
			name = Debug;
		};
		AEE7B8C526CA913D004AFE9F /* Release */ = {
			isa = XCBuildConfiguration;
			buildSettings = {
				ALWAYS_SEARCH_USER_PATHS = NO;
				CLANG_ANALYZER_NONNULL = YES;
				CLANG_ANALYZER_NUMBER_OBJECT_CONVERSION = YES_AGGRESSIVE;
				CLANG_CXX_LANGUAGE_STANDARD = "gnu++14";
				CLANG_CXX_LIBRARY = "libc++";
				CLANG_ENABLE_MODULES = YES;
				CLANG_ENABLE_OBJC_ARC = YES;
				CLANG_ENABLE_OBJC_WEAK = YES;
				CLANG_WARN_BLOCK_CAPTURE_AUTORELEASING = YES;
				CLANG_WARN_BOOL_CONVERSION = YES;
				CLANG_WARN_COMMA = YES;
				CLANG_WARN_CONSTANT_CONVERSION = YES;
				CLANG_WARN_DEPRECATED_OBJC_IMPLEMENTATIONS = YES;
				CLANG_WARN_DIRECT_OBJC_ISA_USAGE = YES_ERROR;
				CLANG_WARN_DOCUMENTATION_COMMENTS = YES;
				CLANG_WARN_EMPTY_BODY = YES;
				CLANG_WARN_ENUM_CONVERSION = YES;
				CLANG_WARN_INFINITE_RECURSION = YES;
				CLANG_WARN_INT_CONVERSION = YES;
				CLANG_WARN_NON_LITERAL_NULL_CONVERSION = YES;
				CLANG_WARN_OBJC_IMPLICIT_RETAIN_SELF = YES;
				CLANG_WARN_OBJC_LITERAL_CONVERSION = YES;
				CLANG_WARN_OBJC_ROOT_CLASS = YES_ERROR;
				CLANG_WARN_QUOTED_INCLUDE_IN_FRAMEWORK_HEADER = YES;
				CLANG_WARN_RANGE_LOOP_ANALYSIS = YES;
				CLANG_WARN_STRICT_PROTOTYPES = YES;
				CLANG_WARN_SUSPICIOUS_MOVE = YES;
				CLANG_WARN_UNGUARDED_AVAILABILITY = YES_AGGRESSIVE;
				CLANG_WARN_UNREACHABLE_CODE = YES;
				CLANG_WARN__DUPLICATE_METHOD_MATCH = YES;
				COPY_PHASE_STRIP = NO;
				DEBUG_INFORMATION_FORMAT = "dwarf-with-dsym";
				ENABLE_NS_ASSERTIONS = NO;
				ENABLE_STRICT_OBJC_MSGSEND = YES;
				GCC_C_LANGUAGE_STANDARD = gnu11;
				GCC_NO_COMMON_BLOCKS = YES;
				GCC_WARN_64_TO_32_BIT_CONVERSION = YES;
				GCC_WARN_ABOUT_RETURN_TYPE = YES_ERROR;
				GCC_WARN_UNDECLARED_SELECTOR = YES;
				GCC_WARN_UNINITIALIZED_AUTOS = YES_AGGRESSIVE;
				GCC_WARN_UNUSED_FUNCTION = YES;
				GCC_WARN_UNUSED_VARIABLE = YES;
				IPHONEOS_DEPLOYMENT_TARGET = 14.5;
				MTL_ENABLE_DEBUG_INFO = NO;
				MTL_FAST_MATH = YES;
				SDKROOT = iphoneos;
				SWIFT_COMPILATION_MODE = wholemodule;
				SWIFT_OPTIMIZATION_LEVEL = "-O";
				VALIDATE_PRODUCT = YES;
			};
			name = Release;
		};
		AEE7B8C726CA913D004AFE9F /* Debug */ = {
			isa = XCBuildConfiguration;
			baseConfigurationReference = 87CE5A566E543BF2C8A8682D /* Pods-Example_EventTransfer.debug.xcconfig */;
			buildSettings = {
				ASSETCATALOG_COMPILER_APPICON_NAME = AppIcon;
				ASSETCATALOG_COMPILER_GLOBAL_ACCENT_COLOR_NAME = AccentColor;
				CODE_SIGN_STYLE = Automatic;
				INFOPLIST_FILE = Example_EventTransfer/Info.plist;
				IPHONEOS_DEPLOYMENT_TARGET = 10.0;
				LD_RUNPATH_SEARCH_PATHS = (
					"$(inherited)",
					"@executable_path/Frameworks",
				);
				PRODUCT_BUNDLE_IDENTIFIER = com.neroxie.Example_EventTransfer;
				PRODUCT_NAME = "$(TARGET_NAME)";
				SWIFT_VERSION = 5.0;
				TARGETED_DEVICE_FAMILY = "1,2";
			};
			name = Debug;
		};
		AEE7B8C826CA913D004AFE9F /* Release */ = {
			isa = XCBuildConfiguration;
			baseConfigurationReference = 140C2227D293660E216B3C65 /* Pods-Example_EventTransfer.release.xcconfig */;
			buildSettings = {
				ASSETCATALOG_COMPILER_APPICON_NAME = AppIcon;
				ASSETCATALOG_COMPILER_GLOBAL_ACCENT_COLOR_NAME = AccentColor;
				CODE_SIGN_STYLE = Automatic;
				INFOPLIST_FILE = Example_EventTransfer/Info.plist;
				IPHONEOS_DEPLOYMENT_TARGET = 10.0;
				LD_RUNPATH_SEARCH_PATHS = (
					"$(inherited)",
					"@executable_path/Frameworks",
				);
				PRODUCT_BUNDLE_IDENTIFIER = com.neroxie.Example_EventTransfer;
				PRODUCT_NAME = "$(TARGET_NAME)";
				SWIFT_VERSION = 5.0;
				TARGETED_DEVICE_FAMILY = "1,2";
			};
			name = Release;
		};
		AEE7B8CA26CA913D004AFE9F /* Debug */ = {
			isa = XCBuildConfiguration;
			baseConfigurationReference = FCF98DE47B68D0F7002BE621 /* Pods-Example_EventTransferTests.debug.xcconfig */;
			buildSettings = {
				ALWAYS_EMBED_SWIFT_STANDARD_LIBRARIES = YES;
				BUNDLE_LOADER = "$(TEST_HOST)";
				CODE_SIGN_STYLE = Automatic;
				INFOPLIST_FILE = Example_EventTransferTests/Info.plist;
				IPHONEOS_DEPLOYMENT_TARGET = 14.5;
				LD_RUNPATH_SEARCH_PATHS = (
					"$(inherited)",
					"@executable_path/Frameworks",
					"@loader_path/Frameworks",
				);
				PRODUCT_BUNDLE_IDENTIFIER = com.neroxie.Example_EventTransferTests;
				PRODUCT_NAME = "$(TARGET_NAME)";
				SWIFT_VERSION = 5.0;
				TARGETED_DEVICE_FAMILY = "1,2";
				TEST_HOST = "$(BUILT_PRODUCTS_DIR)/Example_EventTransfer.app/Example_EventTransfer";
			};
			name = Debug;
		};
		AEE7B8CB26CA913D004AFE9F /* Release */ = {
			isa = XCBuildConfiguration;
			baseConfigurationReference = 34EA48F43EE6A589E0177673 /* Pods-Example_EventTransferTests.release.xcconfig */;
			buildSettings = {
				ALWAYS_EMBED_SWIFT_STANDARD_LIBRARIES = YES;
				BUNDLE_LOADER = "$(TEST_HOST)";
				CODE_SIGN_STYLE = Automatic;
				INFOPLIST_FILE = Example_EventTransferTests/Info.plist;
				IPHONEOS_DEPLOYMENT_TARGET = 14.5;
				LD_RUNPATH_SEARCH_PATHS = (
					"$(inherited)",
					"@executable_path/Frameworks",
					"@loader_path/Frameworks",
				);
				PRODUCT_BUNDLE_IDENTIFIER = com.neroxie.Example_EventTransferTests;
				PRODUCT_NAME = "$(TARGET_NAME)";
				SWIFT_VERSION = 5.0;
				TARGETED_DEVICE_FAMILY = "1,2";
				TEST_HOST = "$(BUILT_PRODUCTS_DIR)/Example_EventTransfer.app/Example_EventTransfer";
			};
			name = Release;
		};
		AEE7B8CD26CA913D004AFE9F /* Debug */ = {
			isa = XCBuildConfiguration;
			buildSettings = {
				ALWAYS_EMBED_SWIFT_STANDARD_LIBRARIES = YES;
				CODE_SIGN_STYLE = Automatic;
				INFOPLIST_FILE = Example_EventTransferUITests/Info.plist;
				LD_RUNPATH_SEARCH_PATHS = (
					"$(inherited)",
					"@executable_path/Frameworks",
					"@loader_path/Frameworks",
				);
				PRODUCT_BUNDLE_IDENTIFIER = com.neroxie.Example_EventTransferUITests;
				PRODUCT_NAME = "$(TARGET_NAME)";
				SWIFT_VERSION = 5.0;
				TARGETED_DEVICE_FAMILY = "1,2";
				TEST_TARGET_NAME = Example_EventTransfer;
			};
			name = Debug;
		};
		AEE7B8CE26CA913D004AFE9F /* Release */ = {
			isa = XCBuildConfiguration;
			buildSettings = {
				ALWAYS_EMBED_SWIFT_STANDARD_LIBRARIES = YES;
				CODE_SIGN_STYLE = Automatic;
				INFOPLIST_FILE = Example_EventTransferUITests/Info.plist;
				LD_RUNPATH_SEARCH_PATHS = (
					"$(inherited)",
					"@executable_path/Frameworks",
					"@loader_path/Frameworks",
				);
				PRODUCT_BUNDLE_IDENTIFIER = com.neroxie.Example_EventTransferUITests;
				PRODUCT_NAME = "$(TARGET_NAME)";
				SWIFT_VERSION = 5.0;
				TARGETED_DEVICE_FAMILY = "1,2";
				TEST_TARGET_NAME = Example_EventTransfer;
			};
			name = Release;
		};
/* End XCBuildConfiguration section */

/* Begin XCConfigurationList section */
		AEE7B89726CA913A004AFE9F /* Build configuration list for PBXProject "Example_EventTransfer" */ = {
			isa = XCConfigurationList;
			buildConfigurations = (
				AEE7B8C426CA913D004AFE9F /* Debug */,
				AEE7B8C526CA913D004AFE9F /* Release */,
			);
			defaultConfigurationIsVisible = 0;
			defaultConfigurationName = Release;
		};
		AEE7B8C626CA913D004AFE9F /* Build configuration list for PBXNativeTarget "Example_EventTransfer" */ = {
			isa = XCConfigurationList;
			buildConfigurations = (
				AEE7B8C726CA913D004AFE9F /* Debug */,
				AEE7B8C826CA913D004AFE9F /* Release */,
			);
			defaultConfigurationIsVisible = 0;
			defaultConfigurationName = Release;
		};
		AEE7B8C926CA913D004AFE9F /* Build configuration list for PBXNativeTarget "Example_EventTransferTests" */ = {
			isa = XCConfigurationList;
			buildConfigurations = (
				AEE7B8CA26CA913D004AFE9F /* Debug */,
				AEE7B8CB26CA913D004AFE9F /* Release */,
			);
			defaultConfigurationIsVisible = 0;
			defaultConfigurationName = Release;
		};
		AEE7B8CC26CA913D004AFE9F /* Build configuration list for PBXNativeTarget "Example_EventTransferUITests" */ = {
			isa = XCConfigurationList;
			buildConfigurations = (
				AEE7B8CD26CA913D004AFE9F /* Debug */,
				AEE7B8CE26CA913D004AFE9F /* Release */,
			);
			defaultConfigurationIsVisible = 0;
			defaultConfigurationName = Release;
		};
/* End XCConfigurationList section */
	};
	rootObject = AEE7B89426CA913A004AFE9F /* Project object */;
}
