PODS:
  - AModule (0.1.0):
    - ModuleServices
    - NNModule-swift
    - TabBarController
  - ApplicationModule (0.1.0):
    - ModuleServices
    - NNModule-swift
  - BaseModule (0.1.0)
  - BModule (0.1.0):
    - ModuleServices
    - NNModule-swift
    - SnapKit
    - TabBarController
  - CModule (0.1.0)
  - ESTabBarController-swift (2.8.0)
  - LoginModule (0.1.0):
    - ModuleServices
    - NNModule-swift
  - ModuleServices (0.1.0):
    - NNModule-swift
  - NNModule-swift (1.0.0):
    - NNModule-swift/URLRouter (= 1.0.0)
  - NNModule-swift/URLRouter (1.0.0)
  - SnapKit (5.0.1)
  - TabBarController (0.1.0):
    - BaseModule
    - ESTabBarController-swift
    - NNModule-swift

DEPENDENCIES:
  - AModule (from `../Modules/AModule`)
  - ApplicationModule (from `../Modules/ApplicationModule`)
  - BaseModule (from `../Modules/BaseModule`)
  - BModule (from `../Modules/BModule`)
  - CModule (from `../Modules/CModule`)
  - ESTabBarController-swift
  - LoginModule (from `../Modules/LoginModule`)
  - ModuleServices (from `../Modules/ModuleServices`)
  - NNModule-swift (from `../`)
  - SnapKit
  - TabBarController (from `../Modules/TabBarController`)

SPEC REPOS:
  trunk:
    - ESTabBarController-swift
    - SnapKit

EXTERNAL SOURCES:
  AModule:
    :path: "../Modules/AModule"
  ApplicationModule:
    :path: "../Modules/ApplicationModule"
  BaseModule:
    :path: "../Modules/BaseModule"
  BModule:
    :path: "../Modules/BModule"
  CModule:
    :path: "../Modules/CModule"
  LoginModule:
    :path: "../Modules/LoginModule"
  ModuleServices:
    :path: "../Modules/ModuleServices"
  NNModule-swift:
    :path: "../"
  TabBarController:
    :path: "../Modules/TabBarController"

SPEC CHECKSUMS:
  AModule: 20c653c9db2e0554a7a6c9c99aed66d407813e16
  ApplicationModule: a8626818ea0859e7e6766d040f444843465cffb6
  BaseModule: 597dc41b48d6e0aea17563291f3a8e55794281f8
  BModule: 68411c9911561cad3c5b0dc507129faf508fc4ed
  CModule: 78f2887954a5121f5e9c8c04f603a71d9ad4dcf9
  ESTabBarController-swift: 05593a6ad64700b03c0eb60ff625916370aa4136
  LoginModule: 86c33a1cb88f5078eedb78c69e0c8b1bc54939c0
  ModuleServices: b442f888295644a399f6893365e56853f5584880
  NNModule-swift: e0f0d9eb5cf4fdbc762fd812bab89c20b7b60781
  SnapKit: 97b92857e3df3a0c71833cce143274bf6ef8e5eb
  TabBarController: 1022ae0cd42087e68fa1092da506a4ed9410b2e0

PODFILE CHECKSUM: 43c6871c33dec9b8ddd17e98d81a332475f38863

COCOAPODS: 1.10.0
