PODS:
  - AModule (0.1.0):
    - BaseModule
    - HandyJSON
    - MBProgressHUD
    - ModuleServices
    - NNModule-swift
    - SnapKit
    - TabBarController
  - ApplicationModule (0.1.0):
    - BaseModule
    - ModuleServices
    - NNModule-swift
  - BaseModule (0.1.0):
    - SnapKit
  - BModule (0.1.0):
    - BaseModule
    - HandyJSON
    - MBProgressHUD
    - ModuleServices
    - NNModule-swift
    - SnapKit
    - TabBarController
  - CModule (0.1.0)
  - ESTabBarController-swift (2.8.0)
  - HandyJSON (5.0.2)
  - LoginModule (0.1.0):
    - ModuleServices
    - NNModule-swift
    - SnapKit
  - MBProgressHUD (1.2.0)
  - ModuleServices (0.1.0):
    - HandyJSON
    - NNModule-swift
  - NNModule-swift (1.0.4):
    - NNModule-swift/EventTransfer (= 1.0.4)
    - NNModule-swift/ModuleManager (= 1.0.4)
    - NNModule-swift/StickyNotification (= 1.0.4)
    - NNModule-swift/URLRouter (= 1.0.4)
  - NNModule-swift/EventTransfer (1.0.4)
  - NNModule-swift/ModuleManager (1.0.4):
    - NNModule-swift/EventTransfer
    - NNModule-swift/StickyNotification
    - NNModule-swift/URLRouter
  - NNModule-swift/StickyNotification (1.0.4)
  - NNModule-swift/URLRouter (1.0.4)
  - SnapKit (5.6.0)
  - TabBarController (0.1.0):
    - BaseModule
    - ESTabBarController-swift
    - NNModule-swift

DEPENDENCIES:
  - AModule (from `../Modules/AModule`)
  - ApplicationModule (from `../Modules/ApplicationModule`)
  - BaseModule (from `../Modules/BaseModule`)
  - BModule (from `../Modules/BModule`)
  - CModule (from `../Modules/CModule`)
  - ESTabBarController-swift
  - HandyJSON
  - LoginModule (from `../Modules/LoginModule`)
  - MBProgressHUD
  - ModuleServices (from `../Modules/ModuleServices`)
  - NNModule-swift (from `../`)
  - SnapKit
  - TabBarController (from `../Modules/TabBarController`)

SPEC REPOS:
  trunk:
    - ESTabBarController-swift
    - HandyJSON
    - MBProgressHUD
    - SnapKit

EXTERNAL SOURCES:
  AModule:
    :path: "../Modules/AModule"
  ApplicationModule:
    :path: "../Modules/ApplicationModule"
  BaseModule:
    :path: "../Modules/BaseModule"
  BModule:
    :path: "../Modules/BModule"
  CModule:
    :path: "../Modules/CModule"
  LoginModule:
    :path: "../Modules/LoginModule"
  ModuleServices:
    :path: "../Modules/ModuleServices"
  NNModule-swift:
    :path: "../"
  TabBarController:
    :path: "../Modules/TabBarController"

SPEC CHECKSUMS:
  AModule: aff945698350940ff11e308d5dd83869f8f66759
  ApplicationModule: 23235ee8f53de8fe9a043eefa5f634757a859a20
  BaseModule: 7dcb4d56db42ad8afe269326a86147d0fb1b0f46
  BModule: 97e33a3be84360849b7ae53eacf881bcf10c8006
  CModule: 78f2887954a5121f5e9c8c04f603a71d9ad4dcf9
  ESTabBarController-swift: 05593a6ad64700b03c0eb60ff625916370aa4136
  HandyJSON: 9e4e236f5d2dbefad5155a77417bbea438201c03
  LoginModule: 4273b8c921ec0367846b6961248b2b5ef29655a0
  MBProgressHUD: 3ee5efcc380f6a79a7cc9b363dd669c5e1ae7406
  ModuleServices: 890f7568b55e59356cf41d56300698c853b151e4
  NNModule-swift: 36bce169ee7dae4921205d5e8a00b5be81dc6e4a
  SnapKit: e01d52ebb8ddbc333eefe2132acf85c8227d9c25
  TabBarController: 1022ae0cd42087e68fa1092da506a4ed9410b2e0

PODFILE CHECKSUM: 86706ce6da4f05e578199bccb28ada81e40b8af4

COCOAPODS: 1.11.3
